
Microsoft Visual Studio Solution File, Format Version 12.00
# Visual Studio Version 17
VisualStudioVersion = 17.7.34202.233
MinimumVisualStudioVersion = 10.0.40219.1
Project("{9A19103F-16F7-4668-BE54-9A1E7A4F7556}") = "SizzlingHotProducts", "SizzlingHotProducts\SizzlingHotProducts.csproj", "{41322496-3A16-4E1A-8C97-88BFF282E0CE}"
EndProject
Project("{FAE04EC0-301F-11D3-BF4B-00C04F79EFBC}") = "SizzlingHotProducts_Test", "SizzlingHotProducts_Test\SizzlingHotProducts_Test.csproj", "{50CBCC9B-7372-4C7E-BE7A-484D54B8FE68}"
EndProject
Global
	GlobalSection(SolutionConfigurationPlatforms) = preSolution
		Debug|Any CPU = Debug|Any CPU
		Release|Any CPU = Release|Any CPU
	EndGlobalSection
	GlobalSection(ProjectConfigurationPlatforms) = postSolution
		{41322496-3A16-4E1A-8C97-88BFF282E0CE}.Debug|Any CPU.ActiveCfg = Debug|Any CPU
		{41322496-3A16-4E1A-8C97-88BFF282E0CE}.Debug|Any CPU.Build.0 = Debug|Any CPU
		{41322496-3A16-4E1A-8C97-88BFF282E0CE}.Release|Any CPU.ActiveCfg = Release|Any CPU
		{41322496-3A16-4E1A-8C97-88BFF282E0CE}.Release|Any CPU.Build.0 = Release|Any CPU
		{50CBCC9B-7372-4C7E-BE7A-484D54B8FE68}.Debug|Any CPU.ActiveCfg = Debug|Any CPU
		{50CBCC9B-7372-4C7E-BE7A-484D54B8FE68}.Debug|Any CPU.Build.0 = Debug|Any CPU
		{50CBCC9B-7372-4C7E-BE7A-484D54B8FE68}.Release|Any CPU.ActiveCfg = Release|Any CPU
		{50CBCC9B-7372-4C7E-BE7A-484D54B8FE68}.Release|Any CPU.Build.0 = Release|Any CPU
	EndGlobalSection
	GlobalSection(SolutionProperties) = preSolution
		HideSolutionNode = FALSE
	EndGlobalSection
	GlobalSection(ExtensibilityGlobals) = postSolution
		SolutionGuid = {149C22E1-90B1-44DC-AA1D-4F93025CF2AC}
	EndGlobalSection
EndGlobal
